
Microsoft Visual Studio Solution File, Format Version 12.00
# Visual Studio 2012
Project("{FAE04EC0-301F-11D3-BF4B-00C04F79EFBC}") = "ValueConversion.Core", "ValueConversion.Core\ValueConversion.Core.csproj", "{62EE85D4-7170-436A-928C-ADD190DC7C45}"
EndProject
Project("{FAE04EC0-301F-11D3-BF4B-00C04F79EFBC}") = "ValueConversion.UI.WP", "ValueConversion.UI.WP\ValueConversion.UI.WP.csproj", "{3C68BF20-07E8-479F-AB7A-96665E25EF61}"
EndProject
Global
	GlobalSection(SolutionConfigurationPlatforms) = preSolution
		Debug|Any CPU = Debug|Any CPU
		Release|Any CPU = Release|Any CPU
	EndGlobalSection
	GlobalSection(ProjectConfigurationPlatforms) = postSolution
		{62EE85D4-7170-436A-928C-ADD190DC7C45}.Debug|Any CPU.ActiveCfg = Debug|Any CPU
		{62EE85D4-7170-436A-928C-ADD190DC7C45}.Debug|Any CPU.Build.0 = Debug|Any CPU
		{62EE85D4-7170-436A-928C-ADD190DC7C45}.Release|Any CPU.ActiveCfg = Release|Any CPU
		{62EE85D4-7170-436A-928C-ADD190DC7C45}.Release|Any CPU.Build.0 = Release|Any CPU
		{3C68BF20-07E8-479F-AB7A-96665E25EF61}.Debug|Any CPU.ActiveCfg = Debug|Any CPU
		{3C68BF20-07E8-479F-AB7A-96665E25EF61}.Debug|Any CPU.Build.0 = Debug|Any CPU
		{3C68BF20-07E8-479F-AB7A-96665E25EF61}.Debug|Any CPU.Deploy.0 = Debug|Any CPU
		{3C68BF20-07E8-479F-AB7A-96665E25EF61}.Release|Any CPU.ActiveCfg = Release|Any CPU
		{3C68BF20-07E8-479F-AB7A-96665E25EF61}.Release|Any CPU.Build.0 = Release|Any CPU
		{3C68BF20-07E8-479F-AB7A-96665E25EF61}.Release|Any CPU.Deploy.0 = Release|Any CPU
	EndGlobalSection
	GlobalSection(SolutionProperties) = preSolution
		HideSolutionNode = FALSE
	EndGlobalSection
EndGlobal
