
Microsoft Visual Studio Solution File, Format Version 12.00
# Visual Studio 2012
Project("{FAE04EC0-301F-11D3-BF4B-00C04F79EFBC}") = "TipCalc.Core", "TipCalc\TipCalc.Core.csproj", "{64257A8A-E176-479D-8FC0-FD559A80B2E4}"
EndProject
Project("{FAE04EC0-301F-11D3-BF4B-00C04F79EFBC}") = "TipCalc.UI.Droid", "TipCalc.UI.Droid\TipCalc.UI.Droid.csproj", "{ADC3E481-BD27-427A-BB29-4E7EA5FE93EF}"
EndProject
Project("{FAE04EC0-301F-11D3-BF4B-00C04F79EFBC}") = "TipCalc.UI.Touch", "TipCalc.UI.Touch\TipCalc.UI.Touch.csproj", "{290E6D7F-A55F-460E-AE35-02FBAC00FC40}"
EndProject
Global
	GlobalSection(SolutionConfigurationPlatforms) = preSolution
		Ad-Hoc|Any CPU = Ad-Hoc|Any CPU
		Ad-Hoc|iPhone = Ad-Hoc|iPhone
		Ad-Hoc|iPhoneSimulator = Ad-Hoc|iPhoneSimulator
		Ad-Hoc|Mixed Platforms = Ad-Hoc|Mixed Platforms
		AppStore|Any CPU = AppStore|Any CPU
		AppStore|iPhone = AppStore|iPhone
		AppStore|iPhoneSimulator = AppStore|iPhoneSimulator
		AppStore|Mixed Platforms = AppStore|Mixed Platforms
		Debug|Any CPU = Debug|Any CPU
		Debug|iPhone = Debug|iPhone
		Debug|iPhoneSimulator = Debug|iPhoneSimulator
		Debug|Mixed Platforms = Debug|Mixed Platforms
		Release|Any CPU = Release|Any CPU
		Release|iPhone = Release|iPhone
		Release|iPhoneSimulator = Release|iPhoneSimulator
		Release|Mixed Platforms = Release|Mixed Platforms
	EndGlobalSection
	GlobalSection(ProjectConfigurationPlatforms) = postSolution
		{64257A8A-E176-479D-8FC0-FD559A80B2E4}.Ad-Hoc|Any CPU.ActiveCfg = Release|Any CPU
		{64257A8A-E176-479D-8FC0-FD559A80B2E4}.Ad-Hoc|Any CPU.Build.0 = Release|Any CPU
		{64257A8A-E176-479D-8FC0-FD559A80B2E4}.Ad-Hoc|iPhone.ActiveCfg = Release|Any CPU
		{64257A8A-E176-479D-8FC0-FD559A80B2E4}.Ad-Hoc|iPhoneSimulator.ActiveCfg = Release|Any CPU
		{64257A8A-E176-479D-8FC0-FD559A80B2E4}.Ad-Hoc|Mixed Platforms.ActiveCfg = Release|Any CPU
		{64257A8A-E176-479D-8FC0-FD559A80B2E4}.Ad-Hoc|Mixed Platforms.Build.0 = Release|Any CPU
		{64257A8A-E176-479D-8FC0-FD559A80B2E4}.AppStore|Any CPU.ActiveCfg = Release|Any CPU
		{64257A8A-E176-479D-8FC0-FD559A80B2E4}.AppStore|Any CPU.Build.0 = Release|Any CPU
		{64257A8A-E176-479D-8FC0-FD559A80B2E4}.AppStore|iPhone.ActiveCfg = Release|Any CPU
		{64257A8A-E176-479D-8FC0-FD559A80B2E4}.AppStore|iPhoneSimulator.ActiveCfg = Release|Any CPU
		{64257A8A-E176-479D-8FC0-FD559A80B2E4}.AppStore|Mixed Platforms.ActiveCfg = Release|Any CPU
		{64257A8A-E176-479D-8FC0-FD559A80B2E4}.AppStore|Mixed Platforms.Build.0 = Release|Any CPU
		{64257A8A-E176-479D-8FC0-FD559A80B2E4}.Debug|Any CPU.ActiveCfg = Debug|Any CPU
		{64257A8A-E176-479D-8FC0-FD559A80B2E4}.Debug|Any CPU.Build.0 = Debug|Any CPU
		{64257A8A-E176-479D-8FC0-FD559A80B2E4}.Debug|iPhone.ActiveCfg = Debug|Any CPU
		{64257A8A-E176-479D-8FC0-FD559A80B2E4}.Debug|iPhoneSimulator.ActiveCfg = Debug|Any CPU
		{64257A8A-E176-479D-8FC0-FD559A80B2E4}.Debug|Mixed Platforms.ActiveCfg = Debug|Any CPU
		{64257A8A-E176-479D-8FC0-FD559A80B2E4}.Debug|Mixed Platforms.Build.0 = Debug|Any CPU
		{64257A8A-E176-479D-8FC0-FD559A80B2E4}.Release|Any CPU.ActiveCfg = Release|Any CPU
		{64257A8A-E176-479D-8FC0-FD559A80B2E4}.Release|Any CPU.Build.0 = Release|Any CPU
		{64257A8A-E176-479D-8FC0-FD559A80B2E4}.Release|iPhone.ActiveCfg = Release|Any CPU
		{64257A8A-E176-479D-8FC0-FD559A80B2E4}.Release|iPhoneSimulator.ActiveCfg = Release|Any CPU
		{64257A8A-E176-479D-8FC0-FD559A80B2E4}.Release|Mixed Platforms.ActiveCfg = Release|Any CPU
		{64257A8A-E176-479D-8FC0-FD559A80B2E4}.Release|Mixed Platforms.Build.0 = Release|Any CPU
		{ADC3E481-BD27-427A-BB29-4E7EA5FE93EF}.Ad-Hoc|Any CPU.ActiveCfg = Release|Any CPU
		{ADC3E481-BD27-427A-BB29-4E7EA5FE93EF}.Ad-Hoc|Any CPU.Build.0 = Release|Any CPU
		{ADC3E481-BD27-427A-BB29-4E7EA5FE93EF}.Ad-Hoc|Any CPU.Deploy.0 = Release|Any CPU
		{ADC3E481-BD27-427A-BB29-4E7EA5FE93EF}.Ad-Hoc|iPhone.ActiveCfg = Release|Any CPU
		{ADC3E481-BD27-427A-BB29-4E7EA5FE93EF}.Ad-Hoc|iPhoneSimulator.ActiveCfg = Release|Any CPU
		{ADC3E481-BD27-427A-BB29-4E7EA5FE93EF}.Ad-Hoc|Mixed Platforms.ActiveCfg = Release|Any CPU
		{ADC3E481-BD27-427A-BB29-4E7EA5FE93EF}.Ad-Hoc|Mixed Platforms.Build.0 = Release|Any CPU
		{ADC3E481-BD27-427A-BB29-4E7EA5FE93EF}.Ad-Hoc|Mixed Platforms.Deploy.0 = Release|Any CPU
		{ADC3E481-BD27-427A-BB29-4E7EA5FE93EF}.AppStore|Any CPU.ActiveCfg = Release|Any CPU
		{ADC3E481-BD27-427A-BB29-4E7EA5FE93EF}.AppStore|Any CPU.Build.0 = Release|Any CPU
		{ADC3E481-BD27-427A-BB29-4E7EA5FE93EF}.AppStore|Any CPU.Deploy.0 = Release|Any CPU
		{ADC3E481-BD27-427A-BB29-4E7EA5FE93EF}.AppStore|iPhone.ActiveCfg = Release|Any CPU
		{ADC3E481-BD27-427A-BB29-4E7EA5FE93EF}.AppStore|iPhoneSimulator.ActiveCfg = Release|Any CPU
		{ADC3E481-BD27-427A-BB29-4E7EA5FE93EF}.AppStore|Mixed Platforms.ActiveCfg = Release|Any CPU
		{ADC3E481-BD27-427A-BB29-4E7EA5FE93EF}.AppStore|Mixed Platforms.Build.0 = Release|Any CPU
		{ADC3E481-BD27-427A-BB29-4E7EA5FE93EF}.AppStore|Mixed Platforms.Deploy.0 = Release|Any CPU
		{ADC3E481-BD27-427A-BB29-4E7EA5FE93EF}.Debug|Any CPU.ActiveCfg = Debug|Any CPU
		{ADC3E481-BD27-427A-BB29-4E7EA5FE93EF}.Debug|Any CPU.Build.0 = Debug|Any CPU
		{ADC3E481-BD27-427A-BB29-4E7EA5FE93EF}.Debug|Any CPU.Deploy.0 = Debug|Any CPU
		{ADC3E481-BD27-427A-BB29-4E7EA5FE93EF}.Debug|iPhone.ActiveCfg = Debug|Any CPU
		{ADC3E481-BD27-427A-BB29-4E7EA5FE93EF}.Debug|iPhoneSimulator.ActiveCfg = Debug|Any CPU
		{ADC3E481-BD27-427A-BB29-4E7EA5FE93EF}.Debug|Mixed Platforms.ActiveCfg = Debug|Any CPU
		{ADC3E481-BD27-427A-BB29-4E7EA5FE93EF}.Debug|Mixed Platforms.Build.0 = Debug|Any CPU
		{ADC3E481-BD27-427A-BB29-4E7EA5FE93EF}.Debug|Mixed Platforms.Deploy.0 = Debug|Any CPU
		{ADC3E481-BD27-427A-BB29-4E7EA5FE93EF}.Release|Any CPU.ActiveCfg = Release|Any CPU
		{ADC3E481-BD27-427A-BB29-4E7EA5FE93EF}.Release|Any CPU.Build.0 = Release|Any CPU
		{ADC3E481-BD27-427A-BB29-4E7EA5FE93EF}.Release|Any CPU.Deploy.0 = Release|Any CPU
		{ADC3E481-BD27-427A-BB29-4E7EA5FE93EF}.Release|iPhone.ActiveCfg = Release|Any CPU
		{ADC3E481-BD27-427A-BB29-4E7EA5FE93EF}.Release|iPhoneSimulator.ActiveCfg = Release|Any CPU
		{ADC3E481-BD27-427A-BB29-4E7EA5FE93EF}.Release|Mixed Platforms.ActiveCfg = Release|Any CPU
		{ADC3E481-BD27-427A-BB29-4E7EA5FE93EF}.Release|Mixed Platforms.Build.0 = Release|Any CPU
		{ADC3E481-BD27-427A-BB29-4E7EA5FE93EF}.Release|Mixed Platforms.Deploy.0 = Release|Any CPU
		{290E6D7F-A55F-460E-AE35-02FBAC00FC40}.Ad-Hoc|Any CPU.ActiveCfg = Ad-Hoc|iPhone
		{290E6D7F-A55F-460E-AE35-02FBAC00FC40}.Ad-Hoc|iPhone.ActiveCfg = Ad-Hoc|iPhone
		{290E6D7F-A55F-460E-AE35-02FBAC00FC40}.Ad-Hoc|iPhone.Build.0 = Ad-Hoc|iPhone
		{290E6D7F-A55F-460E-AE35-02FBAC00FC40}.Ad-Hoc|iPhoneSimulator.ActiveCfg = Ad-Hoc|iPhoneSimulator
		{290E6D7F-A55F-460E-AE35-02FBAC00FC40}.Ad-Hoc|iPhoneSimulator.Build.0 = Ad-Hoc|iPhoneSimulator
		{290E6D7F-A55F-460E-AE35-02FBAC00FC40}.Ad-Hoc|Mixed Platforms.ActiveCfg = Ad-Hoc|iPhone
		{290E6D7F-A55F-460E-AE35-02FBAC00FC40}.Ad-Hoc|Mixed Platforms.Build.0 = Ad-Hoc|iPhone
		{290E6D7F-A55F-460E-AE35-02FBAC00FC40}.AppStore|Any CPU.ActiveCfg = AppStore|iPhone
		{290E6D7F-A55F-460E-AE35-02FBAC00FC40}.AppStore|iPhone.ActiveCfg = AppStore|iPhone
		{290E6D7F-A55F-460E-AE35-02FBAC00FC40}.AppStore|iPhone.Build.0 = AppStore|iPhone
		{290E6D7F-A55F-460E-AE35-02FBAC00FC40}.AppStore|iPhoneSimulator.ActiveCfg = AppStore|iPhoneSimulator
		{290E6D7F-A55F-460E-AE35-02FBAC00FC40}.AppStore|iPhoneSimulator.Build.0 = AppStore|iPhoneSimulator
		{290E6D7F-A55F-460E-AE35-02FBAC00FC40}.AppStore|Mixed Platforms.ActiveCfg = AppStore|iPhone
		{290E6D7F-A55F-460E-AE35-02FBAC00FC40}.AppStore|Mixed Platforms.Build.0 = AppStore|iPhone
		{290E6D7F-A55F-460E-AE35-02FBAC00FC40}.Debug|Any CPU.ActiveCfg = Debug|iPhone
		{290E6D7F-A55F-460E-AE35-02FBAC00FC40}.Debug|iPhone.ActiveCfg = Debug|iPhone
		{290E6D7F-A55F-460E-AE35-02FBAC00FC40}.Debug|iPhone.Build.0 = Debug|iPhone
		{290E6D7F-A55F-460E-AE35-02FBAC00FC40}.Debug|iPhoneSimulator.ActiveCfg = Debug|iPhoneSimulator
		{290E6D7F-A55F-460E-AE35-02FBAC00FC40}.Debug|iPhoneSimulator.Build.0 = Debug|iPhoneSimulator
		{290E6D7F-A55F-460E-AE35-02FBAC00FC40}.Debug|Mixed Platforms.ActiveCfg = Debug|iPhone
		{290E6D7F-A55F-460E-AE35-02FBAC00FC40}.Debug|Mixed Platforms.Build.0 = Debug|iPhone
		{290E6D7F-A55F-460E-AE35-02FBAC00FC40}.Release|Any CPU.ActiveCfg = Release|iPhone
		{290E6D7F-A55F-460E-AE35-02FBAC00FC40}.Release|iPhone.ActiveCfg = Release|iPhone
		{290E6D7F-A55F-460E-AE35-02FBAC00FC40}.Release|iPhone.Build.0 = Release|iPhone
		{290E6D7F-A55F-460E-AE35-02FBAC00FC40}.Release|iPhoneSimulator.ActiveCfg = Release|iPhoneSimulator
		{290E6D7F-A55F-460E-AE35-02FBAC00FC40}.Release|iPhoneSimulator.Build.0 = Release|iPhoneSimulator
		{290E6D7F-A55F-460E-AE35-02FBAC00FC40}.Release|Mixed Platforms.ActiveCfg = Release|iPhone
		{290E6D7F-A55F-460E-AE35-02FBAC00FC40}.Release|Mixed Platforms.Build.0 = Release|iPhone
	EndGlobalSection
	GlobalSection(SolutionProperties) = preSolution
		HideSolutionNode = FALSE
	EndGlobalSection
EndGlobal
